# THIS IS AN AUTOGENERATED FILE. DO NOT EDIT THIS FILE DIRECTLY.
# yarn lockfile v1


"@vant/weapp@^1.7.0":
  version "1.7.0"
  resolved "https://registry.yarnpkg.com/@vant/weapp/-/weapp-1.7.0.tgz#9005bfa771424f564a5ff069732b64d9a17fe529"
  integrity sha512-HYv4yi7aif40aNxNDOKSCwIBtaAiZfDKWleIJTUx1Yd3lD81JGO6+HdUj/O4yFjp403KuoKnrgrprDeJ9YdVdA==

miniprogram-api-typings@^2.8.3-1:
  version "2.12.0"
  resolved "https://registry.yarnpkg.com/miniprogram-api-typings/-/miniprogram-api-typings-2.12.0.tgz#7a29c90f3e5efa36588422d1f01e22d3394aaaa1"
  integrity sha512-ibvbqeslVFur0IAvTxLMvsbtvVcMo6gwvOnj0YZHV7aeDLu091VQRrETT2QuiG9P6aZWRcxeNGJChRKVPCp9VQ==

typescript@^3.3.3333:
  version "3.9.10"
  resolved "https://registry.yarnpkg.com/typescript/-/typescript-3.9.10.tgz#70f3910ac7a51ed6bef79da7800690b19bf778b8"
  integrity sha512-w6fIxVE/H1PkLKcCPsFqKE7Kv7QUwhU8qQY2MueZXWx5cPZdwFupLgKK3vntcK98BtNHZtAF4LA/yl2a7k8R6Q==
